
Microsoft Visual Studio Solution File, Format Version 12.00
# Visual Studio Version 16
VisualStudioVersion = 16.0.30621.155
MinimumVisualStudioVersion = 10.0.40219.1
Project("{9092AA53-FB77-4645-B42D-1CCCA6BD08BD}") = "CodeTestingApp1", "CodeTestingApp1\CodeTestingApp1.njsproj", "{3DFDE410-C7D1-4714-9D92-BC3979F21E80}"
EndProject
Global
	GlobalSection(SolutionConfigurationPlatforms) = preSolution
		Debug|Any CPU = Debug|Any CPU
		Release|Any CPU = Release|Any CPU
	EndGlobalSection
	GlobalSection(ProjectConfigurationPlatforms) = postSolution
		{3DFDE410-C7D1-4714-9D92-BC3979F21E80}.Debug|Any CPU.ActiveCfg = Debug|Any CPU
		{3DFDE410-C7D1-4714-9D92-BC3979F21E80}.Debug|Any CPU.Build.0 = Debug|Any CPU
		{3DFDE410-C7D1-4714-9D92-BC3979F21E80}.Release|Any CPU.ActiveCfg = Release|Any CPU
		{3DFDE410-C7D1-4714-9D92-BC3979F21E80}.Release|Any CPU.Build.0 = Release|Any CPU
	EndGlobalSection
	GlobalSection(SolutionProperties) = preSolution
		HideSolutionNode = FALSE
	EndGlobalSection
	GlobalSection(ExtensibilityGlobals) = postSolution
		SolutionGuid = {188ABCCD-D293-4D33-B207-7ED0CE33B54A}
	EndGlobalSection
EndGlobal
